version = 1
revision = 3
requires-python = ">=3.11"

[manifest]

[manifest.dependency-groups]
dev = [{ name = "plotly", specifier = ">=6.6.0" }]

[[package]]
name = "narwhals"
version = "2.18.1"
source = { registry = "https://pypi.org/simple" }
sdist = { url = "https://files.pythonhosted.org/packages/59/96/45218c2fdec4c9f22178f905086e85ef1a6d63862dcc3cd68eb60f1867f5/narwhals-2.18.1.tar.gz", hash = "sha256:652a1fcc9d432bbf114846688884c215f17eb118aa640b7419295d2f910d2a8b", size = 620578, upload-time = "2026-03-24T15:11:25.456Z" }
wheels = [
    { url = "https://files.pythonhosted.org/packages/3f/c3/06490e98393dcb4d6ce2bf331a39335375c300afaef526897881fbeae6ab/narwhals-2.18.1-py3-none-any.whl", hash = "sha256:a0a8bb80205323851338888ba3a12b4f65d352362c8a94be591244faf36504ad", size = 444952, upload-time = "2026-03-24T15:11:23.801Z" },
]

[[package]]
name = "packaging"
version = "26.0"
source = { registry = "https://pypi.org/simple" }
sdist = { url = "https://files.pythonhosted.org/packages/65/ee/299d360cdc32edc7d2cf530f3accf79c4fca01e96ffc950d8a52213bd8e4/packaging-26.0.tar.gz", hash = "sha256:00243ae351a257117b6a241061796684b084ed1c516a08c48a3f7e147a9d80b4", size = 143416, upload-time = "2026-01-21T20:50:39.064Z" }
wheels = [
    { url = "https://files.pythonhosted.org/packages/b7/b9/c538f279a4e237a006a2c98387d081e9eb060d203d8ed34467cc0f0b9b53/packaging-26.0-py3-none-any.whl", hash = "sha256:b36f1fef9334a5588b4166f8bcd26a14e521f2b55e6b9de3aaa80d3ff7a37529", size = 74366, upload-time = "2026-01-21T20:50:37.788Z" },
]

[[package]]
name = "plotly"
version = "6.6.0"
source = { registry = "https://pypi.org/simple" }
dependencies = [
    { name = "narwhals" },
    { name = "packaging" },
]
sdist = { url = "https://files.pythonhosted.org/packages/24/fb/41efe84970cfddefd4ccf025e2cbfafe780004555f583e93dba3dac2cdef/plotly-6.6.0.tar.gz", hash = "sha256:b897f15f3b02028d69f755f236be890ba950d0a42d7dfc619b44e2d8cea8748c", size = 7027956, upload-time = "2026-03-02T21:10:25.321Z" }
wheels = [
    { url = "https://files.pythonhosted.org/packages/52/d2/c6e44dba74f17c6216ce1b56044a9b93a929f1c2d5bdaff892512b260f5e/plotly-6.6.0-py3-none-any.whl", hash = "sha256:8d6daf0f87412e0c0bfe72e809d615217ab57cc715899a1e5145135a7800d1d0", size = 9910315, upload-time = "2026-03-02T21:10:18.131Z" },
]
